// !$*UTF8*$!
{
	archiveVersion = 1;
	classes = {
	};
	objectVersion = 56;
	objects = {

/* Begin PBXBuildFile section */
		954FB5762A7A40CD0055A6E2 /* CoordinatorSwiftUIApp.swift in Sources */ = {isa = PBXBuildFile; fileRef = 954FB5752A7A40CD0055A6E2 /* CoordinatorSwiftUIApp.swift */; };
		954FB5782A7A40CD0055A6E2 /* ContentView.swift in Sources */ = {isa = PBXBuildFile; fileRef = 954FB5772A7A40CD0055A6E2 /* ContentView.swift */; };
		954FB57A2A7A40CF0055A6E2 /* Assets.xcassets in Resources */ = {isa = PBXBuildFile; fileRef = 954FB5792A7A40CF0055A6E2 /* Assets.xcassets */; };
		954FB57D2A7A40CF0055A6E2 /* Preview Assets.xcassets in Resources */ = {isa = PBXBuildFile; fileRef = 954FB57C2A7A40CF0055A6E2 /* Preview Assets.xcassets */; };
		954FB5852A7A40F10055A6E2 /* NavigationRouter.swift in Sources */ = {isa = PBXBuildFile; fileRef = 954FB5842A7A40F10055A6E2 /* NavigationRouter.swift */; };
		954FB5892A7A41B50055A6E2 /* FruitsRouter.swift in Sources */ = {isa = PBXBuildFile; fileRef = 954FB5882A7A41B50055A6E2 /* FruitsRouter.swift */; };
		954FB58B2A7A43980055A6E2 /* FruitsView.swift in Sources */ = {isa = PBXBuildFile; fileRef = 954FB58A2A7A43980055A6E2 /* FruitsView.swift */; };
		954FB58D2A7A444D0055A6E2 /* CherryView.swift in Sources */ = {isa = PBXBuildFile; fileRef = 954FB58C2A7A444D0055A6E2 /* CherryView.swift */; };
		954FB5902A7A45040055A6E2 /* Coordinator.swift in Sources */ = {isa = PBXBuildFile; fileRef = 954FB58F2A7A45040055A6E2 /* Coordinator.swift */; };
		954FB5942A7A546D0055A6E2 /* FruitsCoordinatorView.swift in Sources */ = {isa = PBXBuildFile; fileRef = 954FB5932A7A546C0055A6E2 /* FruitsCoordinatorView.swift */; };
		954FB5962A7A5D9B0055A6E2 /* LemonView.swift in Sources */ = {isa = PBXBuildFile; fileRef = 954FB5952A7A5D9B0055A6E2 /* LemonView.swift */; };
		954FB5982A7A5EC70055A6E2 /* WatermelonView.swift in Sources */ = {isa = PBXBuildFile; fileRef = 954FB5972A7A5EC70055A6E2 /* WatermelonView.swift */; };
		954FB59E2A7A89200055A6E2 /* TabCoordinator.swift in Sources */ = {isa = PBXBuildFile; fileRef = 954FB59D2A7A89200055A6E2 /* TabCoordinator.swift */; };
		954FB5A12A7A8A1D0055A6E2 /* VegetablesView.swift in Sources */ = {isa = PBXBuildFile; fileRef = 954FB5A02A7A8A1D0055A6E2 /* VegetablesView.swift */; };
		954FB5A42A7A8A510055A6E2 /* TabRouter.swift in Sources */ = {isa = PBXBuildFile; fileRef = 954FB5A32A7A8A510055A6E2 /* TabRouter.swift */; };
		954FB5A62A7A8BA90055A6E2 /* VegetablesRouter.swift in Sources */ = {isa = PBXBuildFile; fileRef = 954FB5A52A7A8BA90055A6E2 /* VegetablesRouter.swift */; };
		954FB5AA2A7A8C5A0055A6E2 /* VegetablesCoordinatorView.swift in Sources */ = {isa = PBXBuildFile; fileRef = 954FB5A92A7A8C5A0055A6E2 /* VegetablesCoordinatorView.swift */; };
		954FB5AC2A7A8D180055A6E2 /* TabCoordinatorView.swift in Sources */ = {isa = PBXBuildFile; fileRef = 954FB5AB2A7A8D180055A6E2 /* TabCoordinatorView.swift */; };
		954FB5B22A7A9E8A0055A6E2 /* AvocadoView.swift in Sources */ = {isa = PBXBuildFile; fileRef = 954FB5B12A7A9E8A0055A6E2 /* AvocadoView.swift */; };
		954FB5B42A7AB54D0055A6E2 /* VegetableError.swift in Sources */ = {isa = PBXBuildFile; fileRef = 954FB5B32A7AB54D0055A6E2 /* VegetableError.swift */; };
/* End PBXBuildFile section */

/* Begin PBXFileReference section */
		954FB5722A7A40CD0055A6E2 /* CoordinatorSwiftUI.app */ = {isa = PBXFileReference; explicitFileType = wrapper.application; includeInIndex = 0; path = CoordinatorSwiftUI.app; sourceTree = BUILT_PRODUCTS_DIR; };
		954FB5752A7A40CD0055A6E2 /* CoordinatorSwiftUIApp.swift */ = {isa = PBXFileReference; lastKnownFileType = sourcecode.swift; path = CoordinatorSwiftUIApp.swift; sourceTree = "<group>"; };
		954FB5772A7A40CD0055A6E2 /* ContentView.swift */ = {isa = PBXFileReference; lastKnownFileType = sourcecode.swift; path = ContentView.swift; sourceTree = "<group>"; };
		954FB5792A7A40CF0055A6E2 /* Assets.xcassets */ = {isa = PBXFileReference; lastKnownFileType = folder.assetcatalog; path = Assets.xcassets; sourceTree = "<group>"; };
		954FB57C2A7A40CF0055A6E2 /* Preview Assets.xcassets */ = {isa = PBXFileReference; lastKnownFileType = folder.assetcatalog; path = "Preview Assets.xcassets"; sourceTree = "<group>"; };
		954FB5842A7A40F10055A6E2 /* NavigationRouter.swift */ = {isa = PBXFileReference; lastKnownFileType = sourcecode.swift; path = NavigationRouter.swift; sourceTree = "<group>"; };
		954FB5882A7A41B50055A6E2 /* FruitsRouter.swift */ = {isa = PBXFileReference; lastKnownFileType = sourcecode.swift; path = FruitsRouter.swift; sourceTree = "<group>"; };
		954FB58A2A7A43980055A6E2 /* FruitsView.swift */ = {isa = PBXFileReference; lastKnownFileType = sourcecode.swift; path = FruitsView.swift; sourceTree = "<group>"; };
		954FB58C2A7A444D0055A6E2 /* CherryView.swift */ = {isa = PBXFileReference; lastKnownFileType = sourcecode.swift; path = CherryView.swift; sourceTree = "<group>"; };
		954FB58F2A7A45040055A6E2 /* Coordinator.swift */ = {isa = PBXFileReference; lastKnownFileType = sourcecode.swift; path = Coordinator.swift; sourceTree = "<group>"; };
		954FB5932A7A546C0055A6E2 /* FruitsCoordinatorView.swift */ = {isa = PBXFileReference; lastKnownFileType = sourcecode.swift; path = FruitsCoordinatorView.swift; sourceTree = "<group>"; };
		954FB5952A7A5D9B0055A6E2 /* LemonView.swift */ = {isa = PBXFileReference; lastKnownFileType = sourcecode.swift; path = LemonView.swift; sourceTree = "<group>"; };
		954FB5972A7A5EC70055A6E2 /* WatermelonView.swift */ = {isa = PBXFileReference; lastKnownFileType = sourcecode.swift; path = WatermelonView.swift; sourceTree = "<group>"; };
		954FB59D2A7A89200055A6E2 /* TabCoordinator.swift */ = {isa = PBXFileReference; lastKnownFileType = sourcecode.swift; path = TabCoordinator.swift; sourceTree = "<group>"; };
		954FB5A02A7A8A1D0055A6E2 /* VegetablesView.swift */ = {isa = PBXFileReference; lastKnownFileType = sourcecode.swift; path = VegetablesView.swift; sourceTree = "<group>"; };
		954FB5A32A7A8A510055A6E2 /* TabRouter.swift */ = {isa = PBXFileReference; lastKnownFileType = sourcecode.swift; path = TabRouter.swift; sourceTree = "<group>"; };
		954FB5A52A7A8BA90055A6E2 /* VegetablesRouter.swift */ = {isa = PBXFileReference; lastKnownFileType = sourcecode.swift; path = VegetablesRouter.swift; sourceTree = "<group>"; };
		954FB5A92A7A8C5A0055A6E2 /* VegetablesCoordinatorView.swift */ = {isa = PBXFileReference; lastKnownFileType = sourcecode.swift; path = VegetablesCoordinatorView.swift; sourceTree = "<group>"; };
		954FB5AB2A7A8D180055A6E2 /* TabCoordinatorView.swift */ = {isa = PBXFileReference; lastKnownFileType = sourcecode.swift; path = TabCoordinatorView.swift; sourceTree = "<group>"; };
		954FB5B12A7A9E8A0055A6E2 /* AvocadoView.swift */ = {isa = PBXFileReference; lastKnownFileType = sourcecode.swift; path = AvocadoView.swift; sourceTree = "<group>"; };
		954FB5B32A7AB54D0055A6E2 /* VegetableError.swift */ = {isa = PBXFileReference; lastKnownFileType = sourcecode.swift; path = VegetableError.swift; sourceTree = "<group>"; };
/* End PBXFileReference section */

/* Begin PBXFrameworksBuildPhase section */
		954FB56F2A7A40CD0055A6E2 /* Frameworks */ = {
			isa = PBXFrameworksBuildPhase;
			buildActionMask = 2147483647;
			files = (
			);
			runOnlyForDeploymentPostprocessing = 0;
		};
/* End PBXFrameworksBuildPhase section */

/* Begin PBXGroup section */
		954FB5692A7A40CD0055A6E2 = {
			isa = PBXGroup;
			children = (
				954FB5742A7A40CD0055A6E2 /* CoordinatorSwiftUI */,
				954FB5732A7A40CD0055A6E2 /* Products */,
			);
			sourceTree = "<group>";
		};
		954FB5732A7A40CD0055A6E2 /* Products */ = {
			isa = PBXGroup;
			children = (
				954FB5722A7A40CD0055A6E2 /* CoordinatorSwiftUI.app */,
			);
			name = Products;
			sourceTree = "<group>";
		};
		954FB5742A7A40CD0055A6E2 /* CoordinatorSwiftUI */ = {
			isa = PBXGroup;
			children = (
				954FB5752A7A40CD0055A6E2 /* CoordinatorSwiftUIApp.swift */,
				954FB5772A7A40CD0055A6E2 /* ContentView.swift */,
				954FB58E2A7A44FD0055A6E2 /* Coordinator */,
				954FB5A22A7A8A410055A6E2 /* TabCoordinator */,
				954FB5AD2A7A9CD60055A6E2 /* Tab */,
				954FB59F2A7A8A110055A6E2 /* Vegetables */,
				954FB5992A7A67630055A6E2 /* Fruits */,
				954FB5792A7A40CF0055A6E2 /* Assets.xcassets */,
				954FB57B2A7A40CF0055A6E2 /* Preview Content */,
			);
			path = CoordinatorSwiftUI;
			sourceTree = "<group>";
		};
		954FB57B2A7A40CF0055A6E2 /* Preview Content */ = {
			isa = PBXGroup;
			children = (
				954FB57C2A7A40CF0055A6E2 /* Preview Assets.xcassets */,
			);
			path = "Preview Content";
			sourceTree = "<group>";
		};
		954FB58E2A7A44FD0055A6E2 /* Coordinator */ = {
			isa = PBXGroup;
			children = (
				954FB58F2A7A45040055A6E2 /* Coordinator.swift */,
				954FB5842A7A40F10055A6E2 /* NavigationRouter.swift */,
			);
			path = Coordinator;
			sourceTree = "<group>";
		};
		954FB5992A7A67630055A6E2 /* Fruits */ = {
			isa = PBXGroup;
			children = (
				954FB59A2A7A67820055A6E2 /* Router */,
				954FB59B2A7A67890055A6E2 /* Coordinator */,
				954FB59C2A7A67920055A6E2 /* View */,
			);
			path = Fruits;
			sourceTree = "<group>";
		};
		954FB59A2A7A67820055A6E2 /* Router */ = {
			isa = PBXGroup;
			children = (
				954FB5882A7A41B50055A6E2 /* FruitsRouter.swift */,
			);
			path = Router;
			sourceTree = "<group>";
		};
		954FB59B2A7A67890055A6E2 /* Coordinator */ = {
			isa = PBXGroup;
			children = (
				954FB5932A7A546C0055A6E2 /* FruitsCoordinatorView.swift */,
			);
			path = Coordinator;
			sourceTree = "<group>";
		};
		954FB59C2A7A67920055A6E2 /* View */ = {
			isa = PBXGroup;
			children = (
				954FB58A2A7A43980055A6E2 /* FruitsView.swift */,
				954FB58C2A7A444D0055A6E2 /* CherryView.swift */,
				954FB5952A7A5D9B0055A6E2 /* LemonView.swift */,
				954FB5972A7A5EC70055A6E2 /* WatermelonView.swift */,
			);
			path = View;
			sourceTree = "<group>";
		};
		954FB59F2A7A8A110055A6E2 /* Vegetables */ = {
			isa = PBXGroup;
			children = (
				954FB5AE2A7A9D040055A6E2 /* Router */,
				954FB5AF2A7A9D0D0055A6E2 /* Coordinator */,
				954FB5B02A7A9D180055A6E2 /* View */,
			);
			path = Vegetables;
			sourceTree = "<group>";
		};
		954FB5A22A7A8A410055A6E2 /* TabCoordinator */ = {
			isa = PBXGroup;
			children = (
				954FB59D2A7A89200055A6E2 /* TabCoordinator.swift */,
			);
			path = TabCoordinator;
			sourceTree = "<group>";
		};
		954FB5AD2A7A9CD60055A6E2 /* Tab */ = {
			isa = PBXGroup;
			children = (
				954FB5A32A7A8A510055A6E2 /* TabRouter.swift */,
				954FB5AB2A7A8D180055A6E2 /* TabCoordinatorView.swift */,
			);
			path = Tab;
			sourceTree = "<group>";
		};
		954FB5AE2A7A9D040055A6E2 /* Router */ = {
			isa = PBXGroup;
			children = (
				954FB5A52A7A8BA90055A6E2 /* VegetablesRouter.swift */,
			);
			path = Router;
			sourceTree = "<group>";
		};
		954FB5AF2A7A9D0D0055A6E2 /* Coordinator */ = {
			isa = PBXGroup;
			children = (
				954FB5A92A7A8C5A0055A6E2 /* VegetablesCoordinatorView.swift */,
			);
			path = Coordinator;
			sourceTree = "<group>";
		};
		954FB5B02A7A9D180055A6E2 /* View */ = {
			isa = PBXGroup;
			children = (
				954FB5A02A7A8A1D0055A6E2 /* VegetablesView.swift */,
				954FB5B12A7A9E8A0055A6E2 /* AvocadoView.swift */,
				954FB5B32A7AB54D0055A6E2 /* VegetableError.swift */,
			);
			path = View;
			sourceTree = "<group>";
		};
/* End PBXGroup section */

/* Begin PBXNativeTarget section */
		954FB5712A7A40CD0055A6E2 /* CoordinatorSwiftUI */ = {
			isa = PBXNativeTarget;
			buildConfigurationList = 954FB5802A7A40CF0055A6E2 /* Build configuration list for PBXNativeTarget "CoordinatorSwiftUI" */;
			buildPhases = (
				954FB56E2A7A40CD0055A6E2 /* Sources */,
				954FB56F2A7A40CD0055A6E2 /* Frameworks */,
				954FB5702A7A40CD0055A6E2 /* Resources */,
			);
			buildRules = (
			);
			dependencies = (
			);
			name = CoordinatorSwiftUI;
			productName = CoordinatorSwiftUI;
			productReference = 954FB5722A7A40CD0055A6E2 /* CoordinatorSwiftUI.app */;
			productType = "com.apple.product-type.application";
		};
/* End PBXNativeTarget section */

/* Begin PBXProject section */
		954FB56A2A7A40CD0055A6E2 /* Project object */ = {
			isa = PBXProject;
			attributes = {
				BuildIndependentTargetsInParallel = 1;
				LastSwiftUpdateCheck = 1430;
				LastUpgradeCheck = 1430;
				TargetAttributes = {
					954FB5712A7A40CD0055A6E2 = {
						CreatedOnToolsVersion = 14.3.1;
					};
				};
			};
			buildConfigurationList = 954FB56D2A7A40CD0055A6E2 /* Build configuration list for PBXProject "CoordinatorSwiftUI" */;
			compatibilityVersion = "Xcode 14.0";
			developmentRegion = en;
			hasScannedForEncodings = 0;
			knownRegions = (
				en,
				Base,
			);
			mainGroup = 954FB5692A7A40CD0055A6E2;
			productRefGroup = 954FB5732A7A40CD0055A6E2 /* Products */;
			projectDirPath = "";
			projectRoot = "";
			targets = (
				954FB5712A7A40CD0055A6E2 /* CoordinatorSwiftUI */,
			);
		};
/* End PBXProject section */

/* Begin PBXResourcesBuildPhase section */
		954FB5702A7A40CD0055A6E2 /* Resources */ = {
			isa = PBXResourcesBuildPhase;
			buildActionMask = 2147483647;
			files = (
				954FB57D2A7A40CF0055A6E2 /* Preview Assets.xcassets in Resources */,
				954FB57A2A7A40CF0055A6E2 /* Assets.xcassets in Resources */,
			);
			runOnlyForDeploymentPostprocessing = 0;
		};
/* End PBXResourcesBuildPhase section */

/* Begin PBXSourcesBuildPhase section */
		954FB56E2A7A40CD0055A6E2 /* Sources */ = {
			isa = PBXSourcesBuildPhase;
			buildActionMask = 2147483647;
			files = (
				954FB5A12A7A8A1D0055A6E2 /* VegetablesView.swift in Sources */,
				954FB5902A7A45040055A6E2 /* Coordinator.swift in Sources */,
				954FB5AA2A7A8C5A0055A6E2 /* VegetablesCoordinatorView.swift in Sources */,
				954FB58B2A7A43980055A6E2 /* FruitsView.swift in Sources */,
				954FB5942A7A546D0055A6E2 /* FruitsCoordinatorView.swift in Sources */,
				954FB5962A7A5D9B0055A6E2 /* LemonView.swift in Sources */,
				954FB5782A7A40CD0055A6E2 /* ContentView.swift in Sources */,
				954FB5892A7A41B50055A6E2 /* FruitsRouter.swift in Sources */,
				954FB5B22A7A9E8A0055A6E2 /* AvocadoView.swift in Sources */,
				954FB5762A7A40CD0055A6E2 /* CoordinatorSwiftUIApp.swift in Sources */,
				954FB5AC2A7A8D180055A6E2 /* TabCoordinatorView.swift in Sources */,
				954FB59E2A7A89200055A6E2 /* TabCoordinator.swift in Sources */,
				954FB5B42A7AB54D0055A6E2 /* VegetableError.swift in Sources */,
				954FB5982A7A5EC70055A6E2 /* WatermelonView.swift in Sources */,
				954FB5A42A7A8A510055A6E2 /* TabRouter.swift in Sources */,
				954FB58D2A7A444D0055A6E2 /* CherryView.swift in Sources */,
				954FB5A62A7A8BA90055A6E2 /* VegetablesRouter.swift in Sources */,
				954FB5852A7A40F10055A6E2 /* NavigationRouter.swift in Sources */,
			);
			runOnlyForDeploymentPostprocessing = 0;
		};
/* End PBXSourcesBuildPhase section */

/* Begin XCBuildConfiguration section */
		954FB57E2A7A40CF0055A6E2 /* Debug */ = {
			isa = XCBuildConfiguration;
			buildSettings = {
				ALWAYS_SEARCH_USER_PATHS = NO;
				CLANG_ANALYZER_NONNULL = YES;
				CLANG_ANALYZER_NUMBER_OBJECT_CONVERSION = YES_AGGRESSIVE;
				CLANG_CXX_LANGUAGE_STANDARD = "gnu++20";
				CLANG_ENABLE_MODULES = YES;
				CLANG_ENABLE_OBJC_ARC = YES;
				CLANG_ENABLE_OBJC_WEAK = YES;
				CLANG_WARN_BLOCK_CAPTURE_AUTORELEASING = YES;
				CLANG_WARN_BOOL_CONVERSION = YES;
				CLANG_WARN_COMMA = YES;
				CLANG_WARN_CONSTANT_CONVERSION = YES;
				CLANG_WARN_DEPRECATED_OBJC_IMPLEMENTATIONS = YES;
				CLANG_WARN_DIRECT_OBJC_ISA_USAGE = YES_ERROR;
				CLANG_WARN_DOCUMENTATION_COMMENTS = YES;
				CLANG_WARN_EMPTY_BODY = YES;
				CLANG_WARN_ENUM_CONVERSION = YES;
				CLANG_WARN_INFINITE_RECURSION = YES;
				CLANG_WARN_INT_CONVERSION = YES;
				CLANG_WARN_NON_LITERAL_NULL_CONVERSION = YES;
				CLANG_WARN_OBJC_IMPLICIT_RETAIN_SELF = YES;
				CLANG_WARN_OBJC_LITERAL_CONVERSION = YES;
				CLANG_WARN_OBJC_ROOT_CLASS = YES_ERROR;
				CLANG_WARN_QUOTED_INCLUDE_IN_FRAMEWORK_HEADER = YES;
				CLANG_WARN_RANGE_LOOP_ANALYSIS = YES;
				CLANG_WARN_STRICT_PROTOTYPES = YES;
				CLANG_WARN_SUSPICIOUS_MOVE = YES;
				CLANG_WARN_UNGUARDED_AVAILABILITY = YES_AGGRESSIVE;
				CLANG_WARN_UNREACHABLE_CODE = YES;
				CLANG_WARN__DUPLICATE_METHOD_MATCH = YES;
				COPY_PHASE_STRIP = NO;
				DEBUG_INFORMATION_FORMAT = dwarf;
				ENABLE_STRICT_OBJC_MSGSEND = YES;
				ENABLE_TESTABILITY = YES;
				GCC_C_LANGUAGE_STANDARD = gnu11;
				GCC_DYNAMIC_NO_PIC = NO;
				GCC_NO_COMMON_BLOCKS = YES;
				GCC_OPTIMIZATION_LEVEL = 0;
				GCC_PREPROCESSOR_DEFINITIONS = (
					"DEBUG=1",
					"$(inherited)",
				);
				GCC_WARN_64_TO_32_BIT_CONVERSION = YES;
				GCC_WARN_ABOUT_RETURN_TYPE = YES_ERROR;
				GCC_WARN_UNDECLARED_SELECTOR = YES;
				GCC_WARN_UNINITIALIZED_AUTOS = YES_AGGRESSIVE;
				GCC_WARN_UNUSED_FUNCTION = YES;
				GCC_WARN_UNUSED_VARIABLE = YES;
				IPHONEOS_DEPLOYMENT_TARGET = 16.4;
				MTL_ENABLE_DEBUG_INFO = INCLUDE_SOURCE;
				MTL_FAST_MATH = YES;
				ONLY_ACTIVE_ARCH = YES;
				SDKROOT = iphoneos;
				SWIFT_ACTIVE_COMPILATION_CONDITIONS = DEBUG;
				SWIFT_OPTIMIZATION_LEVEL = "-Onone";
			};
			name = Debug;
		};
		954FB57F2A7A40CF0055A6E2 /* Release */ = {
			isa = XCBuildConfiguration;
			buildSettings = {
				ALWAYS_SEARCH_USER_PATHS = NO;
				CLANG_ANALYZER_NONNULL = YES;
				CLANG_ANALYZER_NUMBER_OBJECT_CONVERSION = YES_AGGRESSIVE;
				CLANG_CXX_LANGUAGE_STANDARD = "gnu++20";
				CLANG_ENABLE_MODULES = YES;
				CLANG_ENABLE_OBJC_ARC = YES;
				CLANG_ENABLE_OBJC_WEAK = YES;
				CLANG_WARN_BLOCK_CAPTURE_AUTORELEASING = YES;
				CLANG_WARN_BOOL_CONVERSION = YES;
				CLANG_WARN_COMMA = YES;
				CLANG_WARN_CONSTANT_CONVERSION = YES;
				CLANG_WARN_DEPRECATED_OBJC_IMPLEMENTATIONS = YES;
				CLANG_WARN_DIRECT_OBJC_ISA_USAGE = YES_ERROR;
				CLANG_WARN_DOCUMENTATION_COMMENTS = YES;
				CLANG_WARN_EMPTY_BODY = YES;
				CLANG_WARN_ENUM_CONVERSION = YES;
				CLANG_WARN_INFINITE_RECURSION = YES;
				CLANG_WARN_INT_CONVERSION = YES;
				CLANG_WARN_NON_LITERAL_NULL_CONVERSION = YES;
				CLANG_WARN_OBJC_IMPLICIT_RETAIN_SELF = YES;
				CLANG_WARN_OBJC_LITERAL_CONVERSION = YES;
				CLANG_WARN_OBJC_ROOT_CLASS = YES_ERROR;
				CLANG_WARN_QUOTED_INCLUDE_IN_FRAMEWORK_HEADER = YES;
				CLANG_WARN_RANGE_LOOP_ANALYSIS = YES;
				CLANG_WARN_STRICT_PROTOTYPES = YES;
				CLANG_WARN_SUSPICIOUS_MOVE = YES;
				CLANG_WARN_UNGUARDED_AVAILABILITY = YES_AGGRESSIVE;
				CLANG_WARN_UNREACHABLE_CODE = YES;
				CLANG_WARN__DUPLICATE_METHOD_MATCH = YES;
				COPY_PHASE_STRIP = NO;
				DEBUG_INFORMATION_FORMAT = "dwarf-with-dsym";
				ENABLE_NS_ASSERTIONS = NO;
				ENABLE_STRICT_OBJC_MSGSEND = YES;
				GCC_C_LANGUAGE_STANDARD = gnu11;
				GCC_NO_COMMON_BLOCKS = YES;
				GCC_WARN_64_TO_32_BIT_CONVERSION = YES;
				GCC_WARN_ABOUT_RETURN_TYPE = YES_ERROR;
				GCC_WARN_UNDECLARED_SELECTOR = YES;
				GCC_WARN_UNINITIALIZED_AUTOS = YES_AGGRESSIVE;
				GCC_WARN_UNUSED_FUNCTION = YES;
				GCC_WARN_UNUSED_VARIABLE = YES;
				IPHONEOS_DEPLOYMENT_TARGET = 16.4;
				MTL_ENABLE_DEBUG_INFO = NO;
				MTL_FAST_MATH = YES;
				SDKROOT = iphoneos;
				SWIFT_COMPILATION_MODE = wholemodule;
				SWIFT_OPTIMIZATION_LEVEL = "-O";
				VALIDATE_PRODUCT = YES;
			};
			name = Release;
		};
		954FB5812A7A40CF0055A6E2 /* Debug */ = {
			isa = XCBuildConfiguration;
			buildSettings = {
				ASSETCATALOG_COMPILER_APPICON_NAME = AppIcon;
				ASSETCATALOG_COMPILER_GLOBAL_ACCENT_COLOR_NAME = AccentColor;
				CODE_SIGN_STYLE = Automatic;
				CURRENT_PROJECT_VERSION = 1;
				DEVELOPMENT_ASSET_PATHS = "\"CoordinatorSwiftUI/Preview Content\"";
				DEVELOPMENT_TEAM = TNTX3799P3;
				ENABLE_PREVIEWS = YES;
				GENERATE_INFOPLIST_FILE = YES;
				INFOPLIST_KEY_UIApplicationSceneManifest_Generation = YES;
				INFOPLIST_KEY_UIApplicationSupportsIndirectInputEvents = YES;
				INFOPLIST_KEY_UILaunchScreen_Generation = YES;
				INFOPLIST_KEY_UISupportedInterfaceOrientations_iPad = "UIInterfaceOrientationPortrait UIInterfaceOrientationPortraitUpsideDown UIInterfaceOrientationLandscapeLeft UIInterfaceOrientationLandscapeRight";
				INFOPLIST_KEY_UISupportedInterfaceOrientations_iPhone = "UIInterfaceOrientationPortrait UIInterfaceOrientationLandscapeLeft UIInterfaceOrientationLandscapeRight";
				LD_RUNPATH_SEARCH_PATHS = (
					"$(inherited)",
					"@executable_path/Frameworks",
				);
				MARKETING_VERSION = 1.0;
				PRODUCT_BUNDLE_IDENTIFIER = DenisDmitriev.CoordinatorSwiftUI;
				PRODUCT_NAME = "$(TARGET_NAME)";
				SWIFT_EMIT_LOC_STRINGS = YES;
				SWIFT_VERSION = 5.0;
				TARGETED_DEVICE_FAMILY = "1,2";
			};
			name = Debug;
		};
		954FB5822A7A40CF0055A6E2 /* Release */ = {
			isa = XCBuildConfiguration;
			buildSettings = {
				ASSETCATALOG_COMPILER_APPICON_NAME = AppIcon;
				ASSETCATALOG_COMPILER_GLOBAL_ACCENT_COLOR_NAME = AccentColor;
				CODE_SIGN_STYLE = Automatic;
				CURRENT_PROJECT_VERSION = 1;
				DEVELOPMENT_ASSET_PATHS = "\"CoordinatorSwiftUI/Preview Content\"";
				DEVELOPMENT_TEAM = TNTX3799P3;
				ENABLE_PREVIEWS = YES;
				GENERATE_INFOPLIST_FILE = YES;
				INFOPLIST_KEY_UIApplicationSceneManifest_Generation = YES;
				INFOPLIST_KEY_UIApplicationSupportsIndirectInputEvents = YES;
				INFOPLIST_KEY_UILaunchScreen_Generation = YES;
				INFOPLIST_KEY_UISupportedInterfaceOrientations_iPad = "UIInterfaceOrientationPortrait UIInterfaceOrientationPortraitUpsideDown UIInterfaceOrientationLandscapeLeft UIInterfaceOrientationLandscapeRight";
				INFOPLIST_KEY_UISupportedInterfaceOrientations_iPhone = "UIInterfaceOrientationPortrait UIInterfaceOrientationLandscapeLeft UIInterfaceOrientationLandscapeRight";
				LD_RUNPATH_SEARCH_PATHS = (
					"$(inherited)",
					"@executable_path/Frameworks",
				);
				MARKETING_VERSION = 1.0;
				PRODUCT_BUNDLE_IDENTIFIER = DenisDmitriev.CoordinatorSwiftUI;
				PRODUCT_NAME = "$(TARGET_NAME)";
				SWIFT_EMIT_LOC_STRINGS = YES;
				SWIFT_VERSION = 5.0;
				TARGETED_DEVICE_FAMILY = "1,2";
			};
			name = Release;
		};
/* End XCBuildConfiguration section */

/* Begin XCConfigurationList section */
		954FB56D2A7A40CD0055A6E2 /* Build configuration list for PBXProject "CoordinatorSwiftUI" */ = {
			isa = XCConfigurationList;
			buildConfigurations = (
				954FB57E2A7A40CF0055A6E2 /* Debug */,
				954FB57F2A7A40CF0055A6E2 /* Release */,
			);
			defaultConfigurationIsVisible = 0;
			defaultConfigurationName = Release;
		};
		954FB5802A7A40CF0055A6E2 /* Build configuration list for PBXNativeTarget "CoordinatorSwiftUI" */ = {
			isa = XCConfigurationList;
			buildConfigurations = (
				954FB5812A7A40CF0055A6E2 /* Debug */,
				954FB5822A7A40CF0055A6E2 /* Release */,
			);
			defaultConfigurationIsVisible = 0;
			defaultConfigurationName = Release;
		};
/* End XCConfigurationList section */
	};
	rootObject = 954FB56A2A7A40CD0055A6E2 /* Project object */;
}
